# THIS IS AN AUTOGENERATED FILE. DO NOT EDIT THIS FILE DIRECTLY.
# yarn lockfile v1


"@emotion/is-prop-valid@^0.8.2":
  version "0.8.8"
  resolved "https://registry.yarnpkg.com/@emotion/is-prop-valid/-/is-prop-valid-0.8.8.tgz#db28b1c4368a259b60a97311d6a952d4fd01ac1a"
  integrity sha512-u5WtneEAr5IDG2Wv65yhunPSMLIpuKsbuOktRojfrEiEvRyC85LgPMZI63cr7NUqT8ZIGdSVg8ZKGxIug4lXcA==
  dependencies:
    "@emotion/memoize" "0.7.4"

"@emotion/memoize@0.7.4":
  version "0.7.4"
  resolved "https://registry.yarnpkg.com/@emotion/memoize/-/memoize-0.7.4.tgz#19bf0f5af19149111c40d98bb0cf82119f5d9eeb"
  integrity sha512-Ja/Vfqe3HpuzRsG1oBtWTHk2PGZ7GR+2Vz5iYGelAw8dx32K0y7PjVuxK6z1nMpZOqAFsRUPCkK1YjJ56qJlgw==

"@floating-ui/core@^1.7.3":
  version "1.7.3"
  resolved "https://registry.yarnpkg.com/@floating-ui/core/-/core-1.7.3.tgz#462d722f001e23e46d86fd2bd0d21b7693ccb8b7"
  integrity sha512-sGnvb5dmrJaKEZ+LDIpguvdX3bDlEllmv4/ClQ9awcmCZrlx5jQyyMWFM5kBI+EyNOCDDiKk8il0zeuX3Zlg/w==
  dependencies:
    "@floating-ui/utils" "^0.2.10"

"@floating-ui/dom@^1.7.4":
  version "1.7.4"
  resolved "https://registry.yarnpkg.com/@floating-ui/dom/-/dom-1.7.4.tgz#ee667549998745c9c3e3e84683b909c31d6c9a77"
  integrity sha512-OOchDgh4F2CchOX94cRVqhvy7b3AFb+/rQXyswmzmGakRfkMgoWVjfnLWkRirfLEfuD4ysVW16eXzwt3jHIzKA==
  dependencies:
    "@floating-ui/core" "^1.7.3"
    "@floating-ui/utils" "^0.2.10"

"@floating-ui/react-dom@^2.0.0":
  version "2.1.6"
  resolved "https://registry.yarnpkg.com/@floating-ui/react-dom/-/react-dom-2.1.6.tgz#189f681043c1400561f62972f461b93f01bf2231"
  integrity sha512-4JX6rEatQEvlmgU80wZyq9RT96HZJa88q8hp0pBd+LrczeDI4o6uA2M+uvxngVHo4Ihr8uibXxH6+70zhAFrVw==
  dependencies:
    "@floating-ui/dom" "^1.7.4"

"@floating-ui/utils@^0.2.10":
  version "0.2.10"
  resolved "https://registry.yarnpkg.com/@floating-ui/utils/-/utils-0.2.10.tgz#a2a1e3812d14525f725d011a73eceb41fef5bc1c"
  integrity sha512-aGTxbpbg8/b5JfU1HXSrbH3wXZuLPJcNEcZQFMxLs3oSzgtVu6nFPkbbGGUvBcUjKV2YyB9Wxxabo+HEH9tcRQ==

"@graphiql/react@^0.29.0":
  version "0.29.0"
  resolved "https://registry.yarnpkg.com/@graphiql/react/-/react-0.29.0.tgz#0ac1b8655ef0d0e0bd5a3cc580dd51e06beeb6e6"
  integrity sha512-4Zd57+DeK5t1KYiqy9hnuaQhR8fnZ1CkKUkmZqINpAe0OlpbszOE661zwNGuW5NjbXgepfI89ICnh1ZVinSJvg==
  dependencies:
    "@graphiql/toolkit" "^0.11.2"
    "@headlessui/react" "^1.7.15"
    "@radix-ui/react-dialog" "^1.0.4"
    "@radix-ui/react-dropdown-menu" "^2.0.5"
    "@radix-ui/react-tooltip" "^1.0.6"
    "@radix-ui/react-visually-hidden" "^1.0.3"
    "@types/codemirror" "^5.60.8"
    clsx "^1.2.1"
    codemirror "^5.65.3"
    codemirror-graphql "^2.2.1"
    copy-to-clipboard "^3.2.0"
    framer-motion "^6.5.1"
    get-value "^3.0.1"
    graphql-language-service "^5.3.1"
    markdown-it "^14.1.0"
    react-compiler-runtime "19.1.0-rc.1"
    set-value "^4.1.0"

"@graphiql/toolkit@^0.11.2":
  version "0.11.3"
  resolved "https://registry.yarnpkg.com/@graphiql/toolkit/-/toolkit-0.11.3.tgz#7f08352779b316fc6436820e11329ac3e6af9f9c"
  integrity sha512-Glf0fK1cdHLNq52UWPzfSrYIJuNxy8h4451Pw1ZVpJ7dtU+tm7GVVC64UjEDQ/v2j3fnG4cX8jvR75IvfL6nzQ==
  dependencies:
    "@n1ru4l/push-pull-async-iterable-iterator" "^3.1.0"
    meros "^1.1.4"

"@headlessui/react@^1.7.15":
  version "1.7.19"
  resolved "https://registry.yarnpkg.com/@headlessui/react/-/react-1.7.19.tgz#91c78cf5fcb254f4a0ebe96936d48421caf75f40"
  integrity sha512-Ll+8q3OlMJfJbAKM/+/Y2q6PPYbryqNTXDbryx7SXLIDamkF6iQFbriYHga0dY44PvDhvvBWCx1Xj4U5+G4hOw==
  dependencies:
    "@tanstack/react-virtual" "^3.0.0-beta.60"
    client-only "^0.0.1"

"@motionone/animation@^10.12.0":
  version "10.18.0"
  resolved "https://registry.yarnpkg.com/@motionone/animation/-/animation-10.18.0.tgz#868d00b447191816d5d5cf24b1cafa144017922b"
  integrity sha512-9z2p5GFGCm0gBsZbi8rVMOAJCtw1WqBTIPw3ozk06gDvZInBPIsQcHgYogEJ4yuHJ+akuW8g1SEIOpTOvYs8hw==
  dependencies:
    "@motionone/easing" "^10.18.0"
    "@motionone/types" "^10.17.1"
    "@motionone/utils" "^10.18.0"
    tslib "^2.3.1"

"@motionone/dom@10.12.0":
  version "10.12.0"
  resolved "https://registry.yarnpkg.com/@motionone/dom/-/dom-10.12.0.tgz#ae30827fd53219efca4e1150a5ff2165c28351ed"
  integrity sha512-UdPTtLMAktHiqV0atOczNYyDd/d8Cf5fFsd1tua03PqTwwCe/6lwhLSQ8a7TbnQ5SN0gm44N1slBfj+ORIhrqw==
  dependencies:
    "@motionone/animation" "^10.12.0"
    "@motionone/generators" "^10.12.0"
    "@motionone/types" "^10.12.0"
    "@motionone/utils" "^10.12.0"
    hey-listen "^1.0.8"
    tslib "^2.3.1"

"@motionone/easing@^10.18.0":
  version "10.18.0"
  resolved "https://registry.yarnpkg.com/@motionone/easing/-/easing-10.18.0.tgz#7b82f6010dfee3a1bb0ee83abfbaff6edae0c708"
  integrity sha512-VcjByo7XpdLS4o9T8t99JtgxkdMcNWD3yHU/n6CLEz3bkmKDRZyYQ/wmSf6daum8ZXqfUAgFeCZSpJZIMxaCzg==
  dependencies:
    "@motionone/utils" "^10.18.0"
    tslib "^2.3.1"

"@motionone/generators@^10.12.0":
  version "10.18.0"
  resolved "https://registry.yarnpkg.com/@motionone/generators/-/generators-10.18.0.tgz#fe09ab5cfa0fb9a8884097feb7eb60abeb600762"
  integrity sha512-+qfkC2DtkDj4tHPu+AFKVfR/C30O1vYdvsGYaR13W/1cczPrrcjdvYCj0VLFuRMN+lP1xvpNZHCRNM4fBzn1jg==
  dependencies:
    "@motionone/types" "^10.17.1"
    "@motionone/utils" "^10.18.0"
    tslib "^2.3.1"

"@motionone/types@^10.12.0", "@motionone/types@^10.17.1":
  version "10.17.1"
  resolved "https://registry.yarnpkg.com/@motionone/types/-/types-10.17.1.tgz#cf487badbbdc9da0c2cb86ffc1e5d11147c6e6fb"
  integrity sha512-KaC4kgiODDz8hswCrS0btrVrzyU2CSQKO7Ps90ibBVSQmjkrt2teqta6/sOG59v7+dPnKMAg13jyqtMKV2yJ7A==

"@motionone/utils@^10.12.0", "@motionone/utils@^10.18.0":
  version "10.18.0"
  resolved "https://registry.yarnpkg.com/@motionone/utils/-/utils-10.18.0.tgz#a59ff8932ed9009624bca07c56b28ef2bb2f885e"
  integrity sha512-3XVF7sgyTSI2KWvTf6uLlBJ5iAgRgmvp3bpuOiQJvInd4nZ19ET8lX5unn30SlmRH7hXbBbH+Gxd0m0klJ3Xtw==
  dependencies:
    "@motionone/types" "^10.17.1"
    hey-listen "^1.0.8"
    tslib "^2.3.1"

"@n1ru4l/push-pull-async-iterable-iterator@^3.1.0":
  version "3.2.0"
  resolved "https://registry.yarnpkg.com/@n1ru4l/push-pull-async-iterable-iterator/-/push-pull-async-iterable-iterator-3.2.0.tgz#c15791112db68dd9315d329d652b7e797f737655"
  integrity sha512-3fkKj25kEjsfObL6IlKPAlHYPq/oYwUkkQ03zsTTiDjD7vg/RxjdiLeCydqtxHZP0JgsXL3D/X5oAkMGzuUp/Q==

"@radix-ui/primitive@1.1.3":
  version "1.1.3"
  resolved "https://registry.yarnpkg.com/@radix-ui/primitive/-/primitive-1.1.3.tgz#e2dbc13bdc5e4168f4334f75832d7bdd3e2de5ba"
  integrity sha512-JTF99U/6XIjCBo0wqkU5sK10glYe27MRRsfwoiq5zzOEZLHU3A3KCMa5X/azekYRCJ0HlwI0crAXS/5dEHTzDg==

"@radix-ui/react-arrow@1.1.7":
  version "1.1.7"
  resolved "https://registry.yarnpkg.com/@radix-ui/react-arrow/-/react-arrow-1.1.7.tgz#e14a2657c81d961598c5e72b73dd6098acc04f09"
  integrity sha512-F+M1tLhO+mlQaOWspE8Wstg+z6PwxwRd8oQ8IXceWz92kfAmalTRf0EjrouQeo7QssEPfCn05B4Ihs1K9WQ/7w==
  dependencies:
    "@radix-ui/react-primitive" "2.1.3"

"@radix-ui/react-collection@1.1.7":
  version "1.1.7"
  resolved "https://registry.yarnpkg.com/@radix-ui/react-collection/-/react-collection-1.1.7.tgz#d05c25ca9ac4695cc19ba91f42f686e3ea2d9aec"
  integrity sha512-Fh9rGN0MoI4ZFUNyfFVNU4y9LUz93u9/0K+yLgA2bwRojxM8JU1DyvvMBabnZPBgMWREAJvU2jjVzq+LrFUglw==
  dependencies:
    "@radix-ui/react-compose-refs" "1.1.2"
    "@radix-ui/react-context" "1.1.2"
    "@radix-ui/react-primitive" "2.1.3"
    "@radix-ui/react-slot" "1.2.3"

"@radix-ui/react-compose-refs@1.1.2":
  version "1.1.2"
  resolved "https://registry.yarnpkg.com/@radix-ui/react-compose-refs/-/react-compose-refs-1.1.2.tgz#a2c4c47af6337048ee78ff6dc0d090b390d2bb30"
  integrity sha512-z4eqJvfiNnFMHIIvXP3CY57y2WJs5g2v3X0zm9mEJkrkNv4rDxu+sg9Jh8EkXyeqBkB7SOcboo9dMVqhyrACIg==

"@radix-ui/react-context@1.1.2":
  version "1.1.2"
  resolved "https://registry.yarnpkg.com/@radix-ui/react-context/-/react-context-1.1.2.tgz#61628ef269a433382c364f6f1e3788a6dc213a36"
  integrity sha512-jCi/QKUM2r1Ju5a3J64TH2A5SpKAgh0LpknyqdQ4m6DCV0xJ2HG1xARRwNGPQfi1SLdLWZ1OJz6F4OMBBNiGJA==

"@radix-ui/react-dialog@^1.0.4":
  version "1.1.15"
  resolved "https://registry.yarnpkg.com/@radix-ui/react-dialog/-/react-dialog-1.1.15.tgz#1de3d7a7e9a17a9874d29c07f5940a18a119b632"
  integrity sha512-TCglVRtzlffRNxRMEyR36DGBLJpeusFcgMVD9PZEzAKnUs1lKCgX5u9BmC2Yg+LL9MgZDugFFs1Vl+Jp4t/PGw==
  dependencies:
    "@radix-ui/primitive" "1.1.3"
    "@radix-ui/react-compose-refs" "1.1.2"
    "@radix-ui/react-context" "1.1.2"
    "@radix-ui/react-dismissable-layer" "1.1.11"
    "@radix-ui/react-focus-guards" "1.1.3"
    "@radix-ui/react-focus-scope" "1.1.7"
    "@radix-ui/react-id" "1.1.1"
    "@radix-ui/react-portal" "1.1.9"
    "@radix-ui/react-presence" "1.1.5"
    "@radix-ui/react-primitive" "2.1.3"
    "@radix-ui/react-slot" "1.2.3"
    "@radix-ui/react-use-controllable-state" "1.2.2"
    aria-hidden "^1.2.4"
    react-remove-scroll "^2.6.3"

"@radix-ui/react-direction@1.1.1":
  version "1.1.1"
  resolved "https://registry.yarnpkg.com/@radix-ui/react-direction/-/react-direction-1.1.1.tgz#39e5a5769e676c753204b792fbe6cf508e550a14"
  integrity sha512-1UEWRX6jnOA2y4H5WczZ44gOOjTEmlqv1uNW4GAJEO5+bauCBhv8snY65Iw5/VOS/ghKN9gr2KjnLKxrsvoMVw==

"@radix-ui/react-dismissable-layer@1.1.11":
  version "1.1.11"
  resolved "https://registry.yarnpkg.com/@radix-ui/react-dismissable-layer/-/react-dismissable-layer-1.1.11.tgz#e33ab6f6bdaa00f8f7327c408d9f631376b88b37"
  integrity sha512-Nqcp+t5cTB8BinFkZgXiMJniQH0PsUt2k51FUhbdfeKvc4ACcG2uQniY/8+h1Yv6Kza4Q7lD7PQV0z0oicE0Mg==
  dependencies:
    "@radix-ui/primitive" "1.1.3"
    "@radix-ui/react-compose-refs" "1.1.2"
    "@radix-ui/react-primitive" "2.1.3"
    "@radix-ui/react-use-callback-ref" "1.1.1"
    "@radix-ui/react-use-escape-keydown" "1.1.1"

"@radix-ui/react-dropdown-menu@^2.0.5":
  version "2.1.16"
  resolved "https://registry.yarnpkg.com/@radix-ui/react-dropdown-menu/-/react-dropdown-menu-2.1.16.tgz#5ee045c62bad8122347981c479d92b1ff24c7254"
  integrity sha512-1PLGQEynI/3OX/ftV54COn+3Sud/Mn8vALg2rWnBLnRaGtJDduNW/22XjlGgPdpcIbiQxjKtb7BkcjP00nqfJw==
  dependencies:
    "@radix-ui/primitive" "1.1.3"
    "@radix-ui/react-compose-refs" "1.1.2"
    "@radix-ui/react-context" "1.1.2"
    "@radix-ui/react-id" "1.1.1"
    "@radix-ui/react-menu" "2.1.16"
    "@radix-ui/react-primitive" "2.1.3"
    "@radix-ui/react-use-controllable-state" "1.2.2"

"@radix-ui/react-focus-guards@1.1.3":
  version "1.1.3"
  resolved "https://registry.yarnpkg.com/@radix-ui/react-focus-guards/-/react-focus-guards-1.1.3.tgz#2a5669e464ad5fde9f86d22f7fdc17781a4dfa7f"
  integrity sha512-0rFg/Rj2Q62NCm62jZw0QX7a3sz6QCQU0LpZdNrJX8byRGaGVTqbrW9jAoIAHyMQqsNpeZ81YgSizOt5WXq0Pw==

"@radix-ui/react-focus-scope@1.1.7":
  version "1.1.7"
  resolved "https://registry.yarnpkg.com/@radix-ui/react-focus-scope/-/react-focus-scope-1.1.7.tgz#dfe76fc103537d80bf42723a183773fd07bfb58d"
  integrity sha512-t2ODlkXBQyn7jkl6TNaw/MtVEVvIGelJDCG41Okq/KwUsJBwQ4XVZsHAVUkK4mBv3ewiAS3PGuUWuY2BoK4ZUw==
  dependencies:
    "@radix-ui/react-compose-refs" "1.1.2"
    "@radix-ui/react-primitive" "2.1.3"
    "@radix-ui/react-use-callback-ref" "1.1.1"

"@radix-ui/react-id@1.1.1":
  version "1.1.1"
  resolved "https://registry.yarnpkg.com/@radix-ui/react-id/-/react-id-1.1.1.tgz#1404002e79a03fe062b7e3864aa01e24bd1471f7"
  integrity sha512-kGkGegYIdQsOb4XjsfM97rXsiHaBwco+hFI66oO4s9LU+PLAC5oJ7khdOVFxkhsmlbpUqDAvXw11CluXP+jkHg==
  dependencies:
    "@radix-ui/react-use-layout-effect" "1.1.1"

"@radix-ui/react-menu@2.1.16":
  version "2.1.16"
  resolved "https://registry.yarnpkg.com/@radix-ui/react-menu/-/react-menu-2.1.16.tgz#528a5a973c3a7413d3d49eb9ccd229aa52402911"
  integrity sha512-72F2T+PLlphrqLcAotYPp0uJMr5SjP5SL01wfEspJbru5Zs5vQaSHb4VB3ZMJPimgHHCHG7gMOeOB9H3Hdmtxg==
  dependencies:
    "@radix-ui/primitive" "1.1.3"
    "@radix-ui/react-collection" "1.1.7"
    "@radix-ui/react-compose-refs" "1.1.2"
    "@radix-ui/react-context" "1.1.2"
    "@radix-ui/react-direction" "1.1.1"
    "@radix-ui/react-dismissable-layer" "1.1.11"
    "@radix-ui/react-focus-guards" "1.1.3"
    "@radix-ui/react-focus-scope" "1.1.7"
    "@radix-ui/react-id" "1.1.1"
    "@radix-ui/react-popper" "1.2.8"
    "@radix-ui/react-portal" "1.1.9"
    "@radix-ui/react-presence" "1.1.5"
    "@radix-ui/react-primitive" "2.1.3"
    "@radix-ui/react-roving-focus" "1.1.11"
    "@radix-ui/react-slot" "1.2.3"
    "@radix-ui/react-use-callback-ref" "1.1.1"
    aria-hidden "^1.2.4"
    react-remove-scroll "^2.6.3"

"@radix-ui/react-popper@1.2.8":
  version "1.2.8"
  resolved "https://registry.yarnpkg.com/@radix-ui/react-popper/-/react-popper-1.2.8.tgz#a79f39cdd2b09ab9fb50bf95250918422c4d9602"
  integrity sha512-0NJQ4LFFUuWkE7Oxf0htBKS6zLkkjBH+hM1uk7Ng705ReR8m/uelduy1DBo0PyBXPKVnBA6YBlU94MBGXrSBCw==
  dependencies:
    "@floating-ui/react-dom" "^2.0.0"
    "@radix-ui/react-arrow" "1.1.7"
    "@radix-ui/react-compose-refs" "1.1.2"
    "@radix-ui/react-context" "1.1.2"
    "@radix-ui/react-primitive" "2.1.3"
    "@radix-ui/react-use-callback-ref" "1.1.1"
    "@radix-ui/react-use-layout-effect" "1.1.1"
    "@radix-ui/react-use-rect" "1.1.1"
    "@radix-ui/react-use-size" "1.1.1"
    "@radix-ui/rect" "1.1.1"

"@radix-ui/react-portal@1.1.9":
  version "1.1.9"
  resolved "https://registry.yarnpkg.com/@radix-ui/react-portal/-/react-portal-1.1.9.tgz#14c3649fe48ec474ac51ed9f2b9f5da4d91c4472"
  integrity sha512-bpIxvq03if6UNwXZ+HTK71JLh4APvnXntDc6XOX8UVq4XQOVl7lwok0AvIl+b8zgCw3fSaVTZMpAPPagXbKmHQ==
  dependencies:
    "@radix-ui/react-primitive" "2.1.3"
    "@radix-ui/react-use-layout-effect" "1.1.1"

"@radix-ui/react-presence@1.1.5":
  version "1.1.5"
  resolved "https://registry.yarnpkg.com/@radix-ui/react-presence/-/react-presence-1.1.5.tgz#5d8f28ac316c32f078afce2996839250c10693db"
  integrity sha512-/jfEwNDdQVBCNvjkGit4h6pMOzq8bHkopq458dPt2lMjx+eBQUohZNG9A7DtO/O5ukSbxuaNGXMjHicgwy6rQQ==
  dependencies:
    "@radix-ui/react-compose-refs" "1.1.2"
    "@radix-ui/react-use-layout-effect" "1.1.1"

"@radix-ui/react-primitive@2.1.3":
  version "2.1.3"
  resolved "https://registry.yarnpkg.com/@radix-ui/react-primitive/-/react-primitive-2.1.3.tgz#db9b8bcff49e01be510ad79893fb0e4cda50f1bc"
  integrity sha512-m9gTwRkhy2lvCPe6QJp4d3G1TYEUHn/FzJUtq9MjH46an1wJU+GdoGC5VLof8RX8Ft/DlpshApkhswDLZzHIcQ==
  dependencies:
    "@radix-ui/react-slot" "1.2.3"

"@radix-ui/react-roving-focus@1.1.11":
  version "1.1.11"
  resolved "https://registry.yarnpkg.com/@radix-ui/react-roving-focus/-/react-roving-focus-1.1.11.tgz#ef54384b7361afc6480dcf9907ef2fedb5080fd9"
  integrity sha512-7A6S9jSgm/S+7MdtNDSb+IU859vQqJ/QAtcYQcfFC6W8RS4IxIZDldLR0xqCFZ6DCyrQLjLPsxtTNch5jVA4lA==
  dependencies:
    "@radix-ui/primitive" "1.1.3"
    "@radix-ui/react-collection" "1.1.7"
    "@radix-ui/react-compose-refs" "1.1.2"
    "@radix-ui/react-context" "1.1.2"
    "@radix-ui/react-direction" "1.1.1"
    "@radix-ui/react-id" "1.1.1"
    "@radix-ui/react-primitive" "2.1.3"
    "@radix-ui/react-use-callback-ref" "1.1.1"
    "@radix-ui/react-use-controllable-state" "1.2.2"

"@radix-ui/react-slot@1.2.3":
  version "1.2.3"
  resolved "https://registry.yarnpkg.com/@radix-ui/react-slot/-/react-slot-1.2.3.tgz#502d6e354fc847d4169c3bc5f189de777f68cfe1"
  integrity sha512-aeNmHnBxbi2St0au6VBVC7JXFlhLlOnvIIlePNniyUNAClzmtAUEY8/pBiK3iHjufOlwA+c20/8jngo7xcrg8A==
  dependencies:
    "@radix-ui/react-compose-refs" "1.1.2"

"@radix-ui/react-tooltip@^1.0.6":
  version "1.2.8"
  resolved "https://registry.yarnpkg.com/@radix-ui/react-tooltip/-/react-tooltip-1.2.8.tgz#3f50267e25bccfc9e20bb3036bfd9ab4c2c30c2c"
  integrity sha512-tY7sVt1yL9ozIxvmbtN5qtmH2krXcBCfjEiCgKGLqunJHvgvZG2Pcl2oQ3kbcZARb1BGEHdkLzcYGO8ynVlieg==
  dependencies:
    "@radix-ui/primitive" "1.1.3"
    "@radix-ui/react-compose-refs" "1.1.2"
    "@radix-ui/react-context" "1.1.2"
    "@radix-ui/react-dismissable-layer" "1.1.11"
    "@radix-ui/react-id" "1.1.1"
    "@radix-ui/react-popper" "1.2.8"
    "@radix-ui/react-portal" "1.1.9"
    "@radix-ui/react-presence" "1.1.5"
    "@radix-ui/react-primitive" "2.1.3"
    "@radix-ui/react-slot" "1.2.3"
    "@radix-ui/react-use-controllable-state" "1.2.2"
    "@radix-ui/react-visually-hidden" "1.2.3"

"@radix-ui/react-use-callback-ref@1.1.1":
  version "1.1.1"
  resolved "https://registry.yarnpkg.com/@radix-ui/react-use-callback-ref/-/react-use-callback-ref-1.1.1.tgz#62a4dba8b3255fdc5cc7787faeac1c6e4cc58d40"
  integrity sha512-FkBMwD+qbGQeMu1cOHnuGB6x4yzPjho8ap5WtbEJ26umhgqVXbhekKUQO+hZEL1vU92a3wHwdp0HAcqAUF5iDg==

"@radix-ui/react-use-controllable-state@1.2.2":
  version "1.2.2"
  resolved "https://registry.yarnpkg.com/@radix-ui/react-use-controllable-state/-/react-use-controllable-state-1.2.2.tgz#905793405de57d61a439f4afebbb17d0645f3190"
  integrity sha512-BjasUjixPFdS+NKkypcyyN5Pmg83Olst0+c6vGov0diwTEo6mgdqVR6hxcEgFuh4QrAs7Rc+9KuGJ9TVCj0Zzg==
  dependencies:
    "@radix-ui/react-use-effect-event" "0.0.2"
    "@radix-ui/react-use-layout-effect" "1.1.1"

"@radix-ui/react-use-effect-event@0.0.2":
  version "0.0.2"
  resolved "https://registry.yarnpkg.com/@radix-ui/react-use-effect-event/-/react-use-effect-event-0.0.2.tgz#090cf30d00a4c7632a15548512e9152217593907"
  integrity sha512-Qp8WbZOBe+blgpuUT+lw2xheLP8q0oatc9UpmiemEICxGvFLYmHm9QowVZGHtJlGbS6A6yJ3iViad/2cVjnOiA==
  dependencies:
    "@radix-ui/react-use-layout-effect" "1.1.1"

"@radix-ui/react-use-escape-keydown@1.1.1":
  version "1.1.1"
  resolved "https://registry.yarnpkg.com/@radix-ui/react-use-escape-keydown/-/react-use-escape-keydown-1.1.1.tgz#b3fed9bbea366a118f40427ac40500aa1423cc29"
  integrity sha512-Il0+boE7w/XebUHyBjroE+DbByORGR9KKmITzbR7MyQ4akpORYP/ZmbhAr0DG7RmmBqoOnZdy2QlvajJ2QA59g==
  dependencies:
    "@radix-ui/react-use-callback-ref" "1.1.1"

"@radix-ui/react-use-layout-effect@1.1.1":
  version "1.1.1"
  resolved "https://registry.yarnpkg.com/@radix-ui/react-use-layout-effect/-/react-use-layout-effect-1.1.1.tgz#0c4230a9eed49d4589c967e2d9c0d9d60a23971e"
  integrity sha512-RbJRS4UWQFkzHTTwVymMTUv8EqYhOp8dOOviLj2ugtTiXRaRQS7GLGxZTLL1jWhMeoSCf5zmcZkqTl9IiYfXcQ==

"@radix-ui/react-use-rect@1.1.1":
  version "1.1.1"
  resolved "https://registry.yarnpkg.com/@radix-ui/react-use-rect/-/react-use-rect-1.1.1.tgz#01443ca8ed071d33023c1113e5173b5ed8769152"
  integrity sha512-QTYuDesS0VtuHNNvMh+CjlKJ4LJickCMUAqjlE3+j8w+RlRpwyX3apEQKGFzbZGdo7XNG1tXa+bQqIE7HIXT2w==
  dependencies:
    "@radix-ui/rect" "1.1.1"

"@radix-ui/react-use-size@1.1.1":
  version "1.1.1"
  resolved "https://registry.yarnpkg.com/@radix-ui/react-use-size/-/react-use-size-1.1.1.tgz#6de276ffbc389a537ffe4316f5b0f24129405b37"
  integrity sha512-ewrXRDTAqAXlkl6t/fkXWNAhFX9I+CkKlw6zjEwk86RSPKwZr3xpBRso655aqYafwtnbpHLj6toFzmd6xdVptQ==
  dependencies:
    "@radix-ui/react-use-layout-effect" "1.1.1"

"@radix-ui/react-visually-hidden@1.2.3", "@radix-ui/react-visually-hidden@^1.0.3":
  version "1.2.3"
  resolved "https://registry.yarnpkg.com/@radix-ui/react-visually-hidden/-/react-visually-hidden-1.2.3.tgz#a8c38c8607735dc9f05c32f87ab0f9c2b109efbf"
  integrity sha512-pzJq12tEaaIhqjbzpCuv/OypJY/BPavOofm+dbab+MHLajy277+1lLm6JFcGgF5eskJ6mquGirhXY2GD/8u8Ug==
  dependencies:
    "@radix-ui/react-primitive" "2.1.3"

"@radix-ui/rect@1.1.1":
  version "1.1.1"
  resolved "https://registry.yarnpkg.com/@radix-ui/rect/-/rect-1.1.1.tgz#78244efe12930c56fd255d7923865857c41ac8cb"
  integrity sha512-HPwpGIzkl28mWyZqG52jiqDJ12waP11Pa1lGoiyUkIEuMLBP0oeK/C89esbXrxsky5we7dfd8U58nm0SgAWpVw==

"@tanstack/react-virtual@^3.0.0-beta.60":
  version "3.13.12"
  resolved "https://registry.yarnpkg.com/@tanstack/react-virtual/-/react-virtual-3.13.12.tgz#d372dc2783739cc04ec1a728ca8203937687a819"
  integrity sha512-Gd13QdxPSukP8ZrkbgS2RwoZseTTbQPLnQEn7HY/rqtM+8Zt95f7xKC7N0EsKs7aoz0WzZ+fditZux+F8EzYxA==
  dependencies:
    "@tanstack/virtual-core" "3.13.12"

"@tanstack/virtual-core@3.13.12":
  version "3.13.12"
  resolved "https://registry.yarnpkg.com/@tanstack/virtual-core/-/virtual-core-3.13.12.tgz#1dff176df9cc8f93c78c5e46bcea11079b397578"
  integrity sha512-1YBOJfRHV4sXUmWsFSf5rQor4Ss82G8dQWLRbnk3GA4jeP8hQt1hxXh0tmflpC0dz3VgEv/1+qwPyLeWkQuPFA==

"@types/codemirror@^0.0.90":
  version "0.0.90"
  resolved "https://registry.yarnpkg.com/@types/codemirror/-/codemirror-0.0.90.tgz#9c5edafce2a780b4f8bc5e3b699fe1f4727c8f17"
  integrity sha512-8Z9+tSg27NPRGubbUPUCrt5DDG/OWzLph5BvcDykwR5D7RyZh5mhHG0uS1ePKV1YFCA+/cwc4Ey2AJAEFfV3IA==
  dependencies:
    "@types/tern" "*"

"@types/codemirror@^5.60.8":
  version "5.60.16"
  resolved "https://registry.yarnpkg.com/@types/codemirror/-/codemirror-5.60.16.tgz#1f462f9771113bd8e1c6130c666b17db8e1087c2"
  integrity sha512-V/yHdamffSS075jit+fDxaOAmdP2liok8NSNJnAZfDJErzOheuygHZEhAJrfmk5TEyM32MhkZjwo/idX791yxw==
  dependencies:
    "@types/tern" "*"

"@types/estree@*":
  version "1.0.8"
  resolved "https://registry.yarnpkg.com/@types/estree/-/estree-1.0.8.tgz#958b91c991b1867ced318bedea0e215ee050726e"
  integrity sha512-dWHzHa2WqEXI/O1E9OjrocMTKJl2mSrEolh1Iomrv6U+JuNwaHXsXx9bLu5gG7BUWFIN0skIQJQ/L1rIex4X6w==

"@types/tern@*":
  version "0.23.9"
  resolved "https://registry.yarnpkg.com/@types/tern/-/tern-0.23.9.tgz#6f6093a4a9af3e6bb8dde528e024924d196b367c"
  integrity sha512-ypzHFE/wBzh+BlH6rrBgS5I/Z7RD21pGhZ2rltb/+ZrVM1awdZwjx7hE5XfuYgHWk9uvV5HLZN3SloevCAp3Bw==
  dependencies:
    "@types/estree" "*"

argparse@^2.0.1:
  version "2.0.1"
  resolved "https://registry.yarnpkg.com/argparse/-/argparse-2.0.1.tgz#246f50f3ca78a3240f6c997e8a9bd1eac49e4b38"

aria-hidden@^1.2.4:
  version "1.2.6"
  resolved "https://registry.yarnpkg.com/aria-hidden/-/aria-hidden-1.2.6.tgz#73051c9b088114c795b1ea414e9c0fff874ffc1a"
  integrity sha512-ik3ZgC9dY/lYVVM++OISsaYDeg1tb0VtP5uL3ouh1koGOaUMDPpbFIei4JkFimWUFPn90sbMNMXQAIVOlnYKJA==
  dependencies:
    tslib "^2.0.0"

asap@~2.0.3:
  version "2.0.5"
  resolved "https://registry.yarnpkg.com/asap/-/asap-2.0.5.tgz#522765b50c3510490e52d7dcfe085ef9ba96958f"

client-only@^0.0.1:
  version "0.0.1"
  resolved "https://registry.yarnpkg.com/client-only/-/client-only-0.0.1.tgz#38bba5d403c41ab150bff64a95c85013cf73bca1"
  integrity sha512-IV3Ou0jSMzZrd3pZ48nLkT9DA7Ag1pnPzaiQhpW7c3RbcqqzvzzVu+L8gfqMp/8IM2MQtSiqaCxrrcfu8I8rMA==

clsx@^1.2.1:
  version "1.2.1"
  resolved "https://registry.yarnpkg.com/clsx/-/clsx-1.2.1.tgz#0ddc4a20a549b59c93a4116bb26f5294ca17dc12"
  integrity sha512-EcR6r5a8bj6pu3ycsa/E/cKVGuTgZJZdsyUYHOksG/UHIiKfjxzRxYJpyVBwYaQeOvghal9fcc4PidlgzugAQg==

codemirror-graphql@^2.2.1:
  version "2.2.4"
  resolved "https://registry.yarnpkg.com/codemirror-graphql/-/codemirror-graphql-2.2.4.tgz#e0a0e48795d0c6e5d441439526e457ea6c608dc7"
  integrity sha512-VW4rpbAqgAIEWKXwE3nDFz2QEaY5Cme0CnKET43ZE3RSKAAeOaUcecR6wBf3LYfxWwOyyzeCzqxRoUj+HNAEQA==
  dependencies:
    "@types/codemirror" "^0.0.90"
    graphql-language-service "5.5.0"

codemirror@^5.65.3:
  version "5.65.20"
  resolved "https://registry.yarnpkg.com/codemirror/-/codemirror-5.65.20.tgz#8aa77c2dbfeb2df9b0828bf8e7d64fdd566eeff0"
  integrity sha512-i5dLDDxwkFCbhjvL2pNjShsojoL3XHyDwsGv1jqETUoW+lzpBKKqNTUWgQwVAOa0tUm4BwekT455ujafi8payA==

copy-to-clipboard@^3.2.0:
  version "3.3.3"
  resolved "https://registry.yarnpkg.com/copy-to-clipboard/-/copy-to-clipboard-3.3.3.tgz#55ac43a1db8ae639a4bd99511c148cdd1b83a1b0"
  dependencies:
    toggle-selection "^1.0.6"

core-js@^1.0.0:
  version "1.2.7"
  resolved "https://registry.yarnpkg.com/core-js/-/core-js-1.2.7.tgz#652294c14651db28fa93bd2d5ff2983a4f08c636"

debounce-promise@^3.1.2:
  version "3.1.2"
  resolved "https://registry.yarnpkg.com/debounce-promise/-/debounce-promise-3.1.2.tgz#320fb8c7d15a344455cd33cee5ab63530b6dc7c5"
  integrity sha512-rZHcgBkbYavBeD9ej6sP56XfG53d51CD4dnaw989YX/nZ/ZJfgRx/9ePKmTNiUiyQvh4mtrMoS3OAWW+yoYtpg==

detect-node-es@^1.1.0:
  version "1.1.0"
  resolved "https://registry.yarnpkg.com/detect-node-es/-/detect-node-es-1.1.0.tgz#163acdf643330caa0b4cd7c21e7ee7755d6fa493"
  integrity sha512-ypdmJU/TbBby2Dxibuv7ZLW3Bs1QEmM7nHjEANfohJLvE0XVujisn1qPJcZxg+qDucsr+bP6fLD1rPS3AhJ7EQ==

encoding@^0.1.11:
  version "0.1.12"
  resolved "https://registry.yarnpkg.com/encoding/-/encoding-0.1.12.tgz#538b66f3ee62cd1ab51ec323829d1f9480c74beb"
  dependencies:
    iconv-lite "~0.4.13"

entities@^4.4.0:
  version "4.5.0"
  resolved "https://registry.yarnpkg.com/entities/-/entities-4.5.0.tgz#5d268ea5e7113ec74c4d033b79ea5a35a488fb48"
  integrity sha512-V0hjH4dGPh9Ao5p0MoRY6BVqtwCjhz6vI5LT8AJ55H+4g9/4vbHx1I54fS0XuclLhDHArPQCiMjDxjaL8fPxhw==

fbjs@^0.8.9:
  version "0.8.12"
  resolved "https://registry.yarnpkg.com/fbjs/-/fbjs-0.8.12.tgz#10b5d92f76d45575fd63a217d4ea02bea2f8ed04"
  dependencies:
    core-js "^1.0.0"
    isomorphic-fetch "^2.1.1"
    loose-envify "^1.0.0"
    object-assign "^4.1.0"
    promise "^7.1.1"
    setimmediate "^1.0.5"
    ua-parser-js "^0.7.9"

framer-motion@^6.5.1:
  version "6.5.1"
  resolved "https://registry.yarnpkg.com/framer-motion/-/framer-motion-6.5.1.tgz#802448a16a6eb764124bf36d8cbdfa6dd6b931a7"
  integrity sha512-o1BGqqposwi7cgDrtg0dNONhkmPsUFDaLcKXigzuTFC5x58mE8iyTazxSudFzmT6MEyJKfjjU8ItoMe3W+3fiw==
  dependencies:
    "@motionone/dom" "10.12.0"
    framesync "6.0.1"
    hey-listen "^1.0.8"
    popmotion "11.0.3"
    style-value-types "5.0.0"
    tslib "^2.1.0"
  optionalDependencies:
    "@emotion/is-prop-valid" "^0.8.2"

framesync@6.0.1:
  version "6.0.1"
  resolved "https://registry.yarnpkg.com/framesync/-/framesync-6.0.1.tgz#5e32fc01f1c42b39c654c35b16440e07a25d6f20"
  integrity sha512-fUY88kXvGiIItgNC7wcTOl0SNRCVXMKSWW2Yzfmn7EKNc+MpCzcz9DhdHcdjbrtN3c6R4H5dTY2jiCpPdysEjA==
  dependencies:
    tslib "^2.1.0"

get-nonce@^1.0.0:
  version "1.0.1"
  resolved "https://registry.yarnpkg.com/get-nonce/-/get-nonce-1.0.1.tgz#fdf3f0278073820d2ce9426c18f07481b1e0cdf3"
  integrity sha512-FJhYRoDaiatfEkUK8HKlicmu/3SGFD51q3itKDGoSTysQJBnfOcxU5GxnhE1E6soB76MbT0MBtnKJuXyAx+96Q==

get-value@^3.0.1:
  version "3.0.1"
  resolved "https://registry.yarnpkg.com/get-value/-/get-value-3.0.1.tgz#5efd2a157f1d6a516d7524e124ac52d0a39ef5a8"
  integrity sha512-mKZj9JLQrwMBtj5wxi6MH8Z5eSKaERpAwjg43dPtlGI1ZVEgH/qC7T8/6R2OBSUA+zzHBZgICsVJaEIV2tKTDA==
  dependencies:
    isobject "^3.0.1"

graphiql@^3.4.1:
  version "3.9.0"
  resolved "https://registry.yarnpkg.com/graphiql/-/graphiql-3.9.0.tgz#2cc1a3f783e2d27a08cfeba0a937816b2f366e90"
  integrity sha512-rJYFlHdBbug9+YbFSwRVvgfPjCayC7wHecZkx/qB4XLuQPFQZw/yB9pmHFtOJV6RiNBBHro3u1GdocKa3YcGRA==
  dependencies:
    "@graphiql/react" "^0.29.0"
    react-compiler-runtime "19.1.0-rc.1"

graphql-language-service@5.5.0, graphql-language-service@^5.3.1:
  version "5.5.0"
  resolved "https://registry.yarnpkg.com/graphql-language-service/-/graphql-language-service-5.5.0.tgz#2e68b23bd5384f2fbf1e9391e907106e8246d025"
  integrity sha512-9EvWrLLkF6Y5e29/2cmFoAO6hBPPAZlCyjznmpR11iFtRydfkss+9m6x+htA8h7YznGam+TtJwS6JuwoWWgb2Q==
  dependencies:
    debounce-promise "^3.1.2"
    nullthrows "^1.0.0"
    vscode-languageserver-types "^3.17.1"

hey-listen@^1.0.8:
  version "1.0.8"
  resolved "https://registry.yarnpkg.com/hey-listen/-/hey-listen-1.0.8.tgz#8e59561ff724908de1aa924ed6ecc84a56a9aa68"
  integrity sha512-COpmrF2NOg4TBWUJ5UVyaCU2A88wEMkUPK4hNqyCkqHbxT92BbvfjoSozkAIIm6XhicGlJHhFdullInrdhwU8Q==

iconv-lite@~0.4.13:
  version "0.4.17"
  resolved "https://registry.yarnpkg.com/iconv-lite/-/iconv-lite-0.4.17.tgz#4fdaa3b38acbc2c031b045d0edcdfe1ecab18c8d"

is-plain-object@^2.0.4:
  version "2.0.4"
  resolved "https://registry.yarnpkg.com/is-plain-object/-/is-plain-object-2.0.4.tgz#2c163b3fafb1b606d9d17928f05c2a1c38e07677"
  integrity sha512-h5PpgXkWitc38BBMYawTYMWJHFZJVnBquFE57xFpjB8pJFiF6gZ+bU+WyI/yqXiFR5mdLsgYNaPe8uao6Uv9Og==
  dependencies:
    isobject "^3.0.1"

is-primitive@^3.0.1:
  version "3.0.1"
  resolved "https://registry.yarnpkg.com/is-primitive/-/is-primitive-3.0.1.tgz#98c4db1abff185485a657fc2905052b940524d05"
  integrity sha512-GljRxhWvlCNRfZyORiH77FwdFwGcMO620o37EOYC0ORWdq+WYNVqW0w2Juzew4M+L81l6/QS3t5gkkihyRqv9w==

is-stream@^1.0.1:
  version "1.1.0"
  resolved "https://registry.yarnpkg.com/is-stream/-/is-stream-1.1.0.tgz#12d4a3dd4e68e0b79ceb8dbc84173ae80d91ca44"

isobject@^3.0.1:
  version "3.0.1"
  resolved "https://registry.yarnpkg.com/isobject/-/isobject-3.0.1.tgz#4e431e92b11a9731636aa1f9c8d1ccbcfdab78df"
  integrity sha512-WhB9zCku7EGTj/HQQRz5aUQEUeoQZH2bWcltRErOpymJ4boYE6wL9Tbr23krRPSZ+C5zqNSrSw+Cc7sZZ4b7vg==

isomorphic-fetch@^2.1.1:
  version "2.2.1"
  resolved "https://registry.yarnpkg.com/isomorphic-fetch/-/isomorphic-fetch-2.2.1.tgz#611ae1acf14f5e81f729507472819fe9733558a9"
  dependencies:
    node-fetch "^1.0.1"
    whatwg-fetch ">=0.10.0"

js-tokens@^3.0.0:
  version "3.0.1"
  resolved "https://registry.yarnpkg.com/js-tokens/-/js-tokens-3.0.1.tgz#08e9f132484a2c45a30907e9dc4d5567b7f114d7"

"js-tokens@^3.0.0 || ^4.0.0":
  version "4.0.0"
  resolved "https://registry.yarnpkg.com/js-tokens/-/js-tokens-4.0.0.tgz#19203fb59991df98e3a287050d4647cdeaf32499"

linkify-it@^5.0.0:
  version "5.0.0"
  resolved "https://registry.yarnpkg.com/linkify-it/-/linkify-it-5.0.0.tgz#9ef238bfa6dc70bd8e7f9572b52d369af569b421"
  integrity sha512-5aHCbzQRADcdP+ATqnDuhhJ/MRIqDkZX5pyjFHRRysS8vZ5AbqGEoFIb6pYHPZ+L/OC2Lc+xT8uHVVR5CAK/wQ==
  dependencies:
    uc.micro "^2.0.0"

loose-envify@^1.0.0, loose-envify@^1.1.0, loose-envify@^1.3.1:
  version "1.3.1"
  resolved "https://registry.yarnpkg.com/loose-envify/-/loose-envify-1.3.1.tgz#d1a8ad33fa9ce0e713d65fdd0ac8b748d478c848"
  dependencies:
    js-tokens "^3.0.0"

loose-envify@^1.4.0:
  version "1.4.0"
  resolved "https://registry.yarnpkg.com/loose-envify/-/loose-envify-1.4.0.tgz#71ee51fa7be4caec1a63839f7e682d8132d30caf"
  dependencies:
    js-tokens "^3.0.0 || ^4.0.0"

markdown-it@^14.1.0:
  version "14.1.0"
  resolved "https://registry.yarnpkg.com/markdown-it/-/markdown-it-14.1.0.tgz#3c3c5992883c633db4714ccb4d7b5935d98b7d45"
  integrity sha512-a54IwgWPaeBCAAsv13YgmALOF1elABB08FxO9i+r4VFk5Vl4pKokRPeX8u5TCgSsPi6ec1otfLjdOpVcgbpshg==
  dependencies:
    argparse "^2.0.1"
    entities "^4.4.0"
    linkify-it "^5.0.0"
    mdurl "^2.0.0"
    punycode.js "^2.3.1"
    uc.micro "^2.1.0"

mdurl@^2.0.0:
  version "2.0.0"
  resolved "https://registry.yarnpkg.com/mdurl/-/mdurl-2.0.0.tgz#80676ec0433025dd3e17ee983d0fe8de5a2237e0"
  integrity sha512-Lf+9+2r+Tdp5wXDXC4PcIBjTDtq4UKjCPMQhKIuzpJNW0b96kVqSwW0bT7FhRSfmAiFYgP+SCRvdrDozfh0U5w==

meros@^1.1.4:
  version "1.2.1"
  resolved "https://registry.yarnpkg.com/meros/-/meros-1.2.1.tgz#056f7a76e8571d0aaf3c7afcbe7eb6407ff7329e"

node-fetch@^1.0.1:
  version "1.7.1"
  resolved "https://registry.yarnpkg.com/node-fetch/-/node-fetch-1.7.1.tgz#899cb3d0a3c92f952c47f1b876f4c8aeabd400d5"
  dependencies:
    encoding "^0.1.11"
    is-stream "^1.0.1"

nullthrows@^1.0.0:
  version "1.1.1"
  resolved "https://registry.yarnpkg.com/nullthrows/-/nullthrows-1.1.1.tgz#7818258843856ae971eae4208ad7d7eb19a431b1"

object-assign@^4.1.0, object-assign@^4.1.1:
  version "4.1.1"
  resolved "https://registry.yarnpkg.com/object-assign/-/object-assign-4.1.1.tgz#2109adc7965887cfc05cbbd442cac8bfbb360863"

popmotion@11.0.3:
  version "11.0.3"
  resolved "https://registry.yarnpkg.com/popmotion/-/popmotion-11.0.3.tgz#565c5f6590bbcddab7a33a074bb2ba97e24b0cc9"
  integrity sha512-Y55FLdj3UxkR7Vl3s7Qr4e9m0onSnP8W7d/xQLsoJM40vs6UKHFdygs6SWryasTZYqugMjm3BepCF4CWXDiHgA==
  dependencies:
    framesync "6.0.1"
    hey-listen "^1.0.8"
    style-value-types "5.0.0"
    tslib "^2.1.0"

primer-alerts@^1.1.2:
  version "1.1.2"
  resolved "https://registry.yarnpkg.com/primer-alerts/-/primer-alerts-1.1.2.tgz#f2da75ead330448aba71fe82f0fa7a08f20ca72b"
  dependencies:
    primer-support "*"

primer-avatars@^0.4.6:
  version "0.4.6"
  resolved "https://registry.yarnpkg.com/primer-avatars/-/primer-avatars-0.4.6.tgz#e439082b8ffbb2b35c3aa232c9501d99dcdf2a43"
  dependencies:
    primer-support "*"

primer-base@^0.4.0:
  version "0.4.2"
  resolved "https://registry.yarnpkg.com/primer-base/-/primer-base-0.4.2.tgz#10bea7bdd454c447b1ed6e801595f3888b30f01f"
  dependencies:
    primer-support "*"

primer-blankslate@^0.3.5:
  version "0.3.5"
  resolved "https://registry.yarnpkg.com/primer-blankslate/-/primer-blankslate-0.3.5.tgz#f2cd56735935a67e4565ff53c74d5420d11ce77e"
  dependencies:
    primer-support "*"

primer-box@^2.1.2:
  version "2.1.2"
  resolved "https://registry.yarnpkg.com/primer-box/-/primer-box-2.1.2.tgz#e48a38a76035395895b8fe316facc2d135b3f194"
  dependencies:
    primer-support "*"

primer-breadcrumb@^0.1.1:
  version "0.1.1"
  resolved "https://registry.yarnpkg.com/primer-breadcrumb/-/primer-breadcrumb-0.1.1.tgz#d376da76d52c8f1bc65afbe2fd784b4fd6c684a2"
  dependencies:
    primer-marketing-support "*"
    primer-support "*"

primer-buttons@^2.0.0:
  version "2.0.0"
  resolved "https://registry.yarnpkg.com/primer-buttons/-/primer-buttons-2.0.0.tgz#805e8c07e56b616b2757fef413f4aba98e6e098b"
  dependencies:
    primer-support "*"

primer-cards@^0.1.2:
  version "0.1.2"
  resolved "https://registry.yarnpkg.com/primer-cards/-/primer-cards-0.1.2.tgz#d56f54a2166ca4aa97e9f17650f0b995aaf9e014"
  dependencies:
    primer-marketing-support "*"
    primer-support "*"

primer-core@^3.0.0:
  version "3.0.0"
  resolved "https://registry.yarnpkg.com/primer-core/-/primer-core-3.0.0.tgz#786ef2fb277c176de62251012d67b1da67657433"
  dependencies:
    primer-base "^0.4.0"
    primer-box "^2.1.2"
    primer-buttons "^2.0.0"
    primer-forms "^1.0.6"
    primer-layout "^0.3.2"
    primer-navigation "^1.0.0"
    primer-support "^4.0.0"
    primer-table-object "^1.0.3"
    primer-tooltips "^0.5.4"
    primer-truncate "^0.3.2"
    primer-utilities "^4.2.4"

primer-css@^6.0.0:
  version "6.0.0"
  resolved "https://registry.yarnpkg.com/primer-css/-/primer-css-6.0.0.tgz#f3023b87b443bc894119797900088ffa444a04c2"
  dependencies:
    primer-core "^3.0.0"
    primer-marketing "^3.0.0"
    primer-product "^3.0.0"

primer-forms@^1.0.6:
  version "1.0.6"
  resolved "https://registry.yarnpkg.com/primer-forms/-/primer-forms-1.0.6.tgz#473db3826146ffd8da1698f86a5517a560b63590"
  dependencies:
    primer-support "*"

primer-labels@^1.0.0:
  version "1.0.0"
  resolved "https://registry.yarnpkg.com/primer-labels/-/primer-labels-1.0.0.tgz#45a2c4173206750ab27e4a584998683101299a40"
  dependencies:
    primer-support "*"

primer-layout@^0.3.2:
  version "0.3.2"
  resolved "https://registry.yarnpkg.com/primer-layout/-/primer-layout-0.3.2.tgz#7f607ac1fad5942f646a05f6a4122a1577407118"
  dependencies:
    primer-support "*"

primer-markdown@^3.3.7:
  version "3.3.7"
  resolved "https://registry.yarnpkg.com/primer-markdown/-/primer-markdown-3.3.7.tgz#6a3f5626ce2705266791d565dfc441ac0e9aaa5c"
  dependencies:
    primer-support "*"

primer-marketing-support@*, primer-marketing-support@^0.5.0:
  version "0.5.0"
  resolved "https://registry.yarnpkg.com/primer-marketing-support/-/primer-marketing-support-0.5.0.tgz#ed3ce497b3c4564fe58525d0e19f2cae90a19748"

primer-marketing-type@^0.2.0:
  version "0.2.0"
  resolved "https://registry.yarnpkg.com/primer-marketing-type/-/primer-marketing-type-0.2.0.tgz#06d03d9473e23dd09b3bae94032a71e0a5cf609e"
  dependencies:
    primer-marketing-support "*"
    primer-support "*"

primer-marketing@^3.0.0:
  version "3.0.0"
  resolved "https://registry.yarnpkg.com/primer-marketing/-/primer-marketing-3.0.0.tgz#f25326c0fe5695c42c6bcc01443a0b7223d8e24b"
  dependencies:
    primer-breadcrumb "^0.1.1"
    primer-cards "^0.1.2"
    primer-marketing-support "^0.5.0"
    primer-marketing-type "^0.2.0"
    primer-page-headers "^0.1.1"
    primer-page-sections "^0.1.1"
    primer-support "^4.0.0"
    primer-tables "^0.1.2"

primer-navigation@^1.0.0:
  version "1.0.0"
  resolved "https://registry.yarnpkg.com/primer-navigation/-/primer-navigation-1.0.0.tgz#446a12436f0831f826cfe7012f8827fdbb5f2576"
  dependencies:
    primer-support "*"

primer-page-headers@^0.1.1:
  version "0.1.1"
  resolved "https://registry.yarnpkg.com/primer-page-headers/-/primer-page-headers-0.1.1.tgz#ed0b62348188fef6f0eee8f005fd018ccc7ac248"
  dependencies:
    primer-marketing-support "*"
    primer-support "*"

primer-page-sections@^0.1.1:
  version "0.1.1"
  resolved "https://registry.yarnpkg.com/primer-page-sections/-/primer-page-sections-0.1.1.tgz#ab9b955f348afca164a559cfb1599b8f3a5ba344"
  dependencies:
    primer-marketing-support "*"
    primer-support "*"

primer-product@^3.0.0:
  version "3.0.0"
  resolved "https://registry.yarnpkg.com/primer-product/-/primer-product-3.0.0.tgz#98adfa29f6843aa9e3f38a7a8b13660596066079"
  dependencies:
    primer-alerts "^1.1.2"
    primer-avatars "^0.4.6"
    primer-blankslate "^0.3.5"
    primer-labels "^1.0.0"
    primer-markdown "^3.3.7"
    primer-support "^4.0.0"

primer-support@*, primer-support@^4.0.0:
  version "4.0.0"
  resolved "https://registry.yarnpkg.com/primer-support/-/primer-support-4.0.0.tgz#3dbbb37e4e0f2ed2ea6035e0b79dd0cb33bae85e"

primer-table-object@^1.0.3:
  version "1.0.3"
  resolved "https://registry.yarnpkg.com/primer-table-object/-/primer-table-object-1.0.3.tgz#6684eea0bf639bffd9879565d0dcc1c7486fc0b3"
  dependencies:
    primer-support "*"

primer-tables@^0.1.2:
  version "0.1.2"
  resolved "https://registry.yarnpkg.com/primer-tables/-/primer-tables-0.1.2.tgz#582706a9892d1b89393c798180dfd2e59f5da318"
  dependencies:
    primer-marketing-support "*"
    primer-support "*"

primer-tooltips@^0.5.4:
  version "0.5.4"
  resolved "https://registry.yarnpkg.com/primer-tooltips/-/primer-tooltips-0.5.4.tgz#73d3a5fc7084923f648eebfe1156aa7a0570111b"
  dependencies:
    primer-support "*"

primer-truncate@^0.3.2:
  version "0.3.2"
  resolved "https://registry.yarnpkg.com/primer-truncate/-/primer-truncate-0.3.2.tgz#ffecd0199ab06ea4d3e45c221a8408bc14210a11"
  dependencies:
    primer-support "*"

primer-utilities@^4.2.4:
  version "4.2.4"
  resolved "https://registry.yarnpkg.com/primer-utilities/-/primer-utilities-4.2.4.tgz#68b8ce458bb4cc9d69d841fc003fbbbb423a697a"
  dependencies:
    primer-support "*"

promise@^7.1.1:
  version "7.1.1"
  resolved "https://registry.yarnpkg.com/promise/-/promise-7.1.1.tgz#489654c692616b8aa55b0724fa809bb7db49c5bf"
  dependencies:
    asap "~2.0.3"

prop-types@^15.5.7:
  version "15.5.10"
  resolved "https://registry.yarnpkg.com/prop-types/-/prop-types-15.5.10.tgz#2797dfc3126182e3a95e3dfbb2e893ddd7456154"
  dependencies:
    fbjs "^0.8.9"
    loose-envify "^1.3.1"

prop-types@^15.6.2:
  version "15.7.2"
  resolved "https://registry.yarnpkg.com/prop-types/-/prop-types-15.7.2.tgz#52c41e75b8c87e72b9d9360e0206b99dcbffa6c5"
  dependencies:
    loose-envify "^1.4.0"
    object-assign "^4.1.1"
    react-is "^16.8.1"

punycode.js@^2.3.1:
  version "2.3.1"
  resolved "https://registry.yarnpkg.com/punycode.js/-/punycode.js-2.3.1.tgz#6b53e56ad75588234e79f4affa90972c7dd8cdb7"
  integrity sha512-uxFIHU0YlHYhDQtV4R9J6a52SLx28BCjT+4ieh7IGbgwVJWO+km431c4yRlREUAsAmt/uMjQUyQHNEPf0M39CA==

react-compiler-runtime@19.1.0-rc.1:
  version "19.1.0-rc.1"
  resolved "https://registry.yarnpkg.com/react-compiler-runtime/-/react-compiler-runtime-19.1.0-rc.1.tgz#2535efd2e9fc9fc7d5ad47e970061dfbe38fb3f6"
  integrity sha512-wCt6g+cRh8g32QT18/9blfQHywGjYu+4FlEc3CW1mx3pPxYzZZl1y+VtqxRgnKKBCFLIGUYxog4j4rs5YS86hw==

react-dom@^16.0.1:
  version "16.14.0"
  resolved "https://registry.yarnpkg.com/react-dom/-/react-dom-16.14.0.tgz#7ad838ec29a777fb3c75c3a190f661cf92ab8b89"
  dependencies:
    loose-envify "^1.1.0"
    object-assign "^4.1.1"
    prop-types "^15.6.2"
    scheduler "^0.19.1"

react-is@^16.8.1:
  version "16.13.1"
  resolved "https://registry.yarnpkg.com/react-is/-/react-is-16.13.1.tgz#789729a4dc36de2999dc156dd6c1d9c18cea56a4"

react-remove-scroll-bar@^2.3.7:
  version "2.3.8"
  resolved "https://registry.yarnpkg.com/react-remove-scroll-bar/-/react-remove-scroll-bar-2.3.8.tgz#99c20f908ee467b385b68a3469b4a3e750012223"
  integrity sha512-9r+yi9+mgU33AKcj6IbT9oRCO78WriSj6t/cF8DWBZJ9aOGPOTEDvdUDz1FwKim7QXWwmHqtdHnRJfhAxEG46Q==
  dependencies:
    react-style-singleton "^2.2.2"
    tslib "^2.0.0"

react-remove-scroll@^2.6.3:
  version "2.7.1"
  resolved "https://registry.yarnpkg.com/react-remove-scroll/-/react-remove-scroll-2.7.1.tgz#d2101d414f6d81d7d3bf033f3c1cb4785789f753"
  integrity sha512-HpMh8+oahmIdOuS5aFKKY6Pyog+FNaZV/XyJOq7b4YFwsFHe5yYfdbIalI4k3vU2nSDql7YskmUseHsRrJqIPA==
  dependencies:
    react-remove-scroll-bar "^2.3.7"
    react-style-singleton "^2.2.3"
    tslib "^2.1.0"
    use-callback-ref "^1.3.3"
    use-sidecar "^1.1.3"

react-style-singleton@^2.2.2, react-style-singleton@^2.2.3:
  version "2.2.3"
  resolved "https://registry.yarnpkg.com/react-style-singleton/-/react-style-singleton-2.2.3.tgz#4265608be69a4d70cfe3047f2c6c88b2c3ace388"
  integrity sha512-b6jSvxvVnyptAiLjbkWLE/lOnR4lfTtDAl+eUC7RZy+QQWc6wRzIV2CE6xBuMmDxc2qIihtDCZD5NPOFl7fRBQ==
  dependencies:
    get-nonce "^1.0.0"
    tslib "^2.0.0"

react@^15.5.4:
  version "15.5.4"
  resolved "https://registry.yarnpkg.com/react/-/react-15.5.4.tgz#fa83eb01506ab237cdc1c8c3b1cea8de012bf047"
  dependencies:
    fbjs "^0.8.9"
    loose-envify "^1.1.0"
    object-assign "^4.1.0"
    prop-types "^15.5.7"

scheduler@^0.19.1:
  version "0.19.1"
  resolved "https://registry.yarnpkg.com/scheduler/-/scheduler-0.19.1.tgz#4f3e2ed2c1a7d65681f4c854fa8c5a1ccb40f196"
  dependencies:
    loose-envify "^1.1.0"
    object-assign "^4.1.1"

set-value@^4.1.0:
  version "4.1.0"
  resolved "https://registry.yarnpkg.com/set-value/-/set-value-4.1.0.tgz#aa433662d87081b75ad88a4743bd450f044e7d09"
  integrity sha512-zTEg4HL0RwVrqcWs3ztF+x1vkxfm0lP+MQQFPiMJTKVceBwEV0A569Ou8l9IYQG8jOZdMVI1hGsc0tmeD2o/Lw==
  dependencies:
    is-plain-object "^2.0.4"
    is-primitive "^3.0.1"

setimmediate@^1.0.5:
  version "1.0.5"
  resolved "https://registry.yarnpkg.com/setimmediate/-/setimmediate-1.0.5.tgz#290cbb232e306942d7d7ea9b83732ab7856f8285"

style-value-types@5.0.0:
  version "5.0.0"
  resolved "https://registry.yarnpkg.com/style-value-types/-/style-value-types-5.0.0.tgz#76c35f0e579843d523187989da866729411fc8ad"
  integrity sha512-08yq36Ikn4kx4YU6RD7jWEv27v4V+PUsOGa4n/as8Et3CuODMJQ00ENeAVXAeydX4Z2j1XHZF1K2sX4mGl18fA==
  dependencies:
    hey-listen "^1.0.8"
    tslib "^2.1.0"

toggle-selection@^1.0.6:
  version "1.0.6"
  resolved "https://registry.yarnpkg.com/toggle-selection/-/toggle-selection-1.0.6.tgz#6e45b1263f2017fa0acc7d89d78b15b8bf77da32"

tslib@^2.0.0, tslib@^2.3.1:
  version "2.5.0"
  resolved "https://registry.yarnpkg.com/tslib/-/tslib-2.5.0.tgz#42bfed86f5787aeb41d031866c8f402429e0fddf"

tslib@^2.1.0:
  version "2.8.1"
  resolved "https://registry.yarnpkg.com/tslib/-/tslib-2.8.1.tgz#612efe4ed235d567e8aba5f2a5fab70280ade83f"
  integrity sha512-oJFu94HQb+KVduSUQL7wnpmqnfmLsOA/nAh6b6EH0wCEoK0/mPeXU6c3wKDV83MkOuHPRHtSXKKU99IBazS/2w==

ua-parser-js@^0.7.9:
  version "0.7.33"
  resolved "https://registry.yarnpkg.com/ua-parser-js/-/ua-parser-js-0.7.33.tgz#1d04acb4ccef9293df6f70f2c3d22f3030d8b532"

uc.micro@^2.0.0, uc.micro@^2.1.0:
  version "2.1.0"
  resolved "https://registry.yarnpkg.com/uc.micro/-/uc.micro-2.1.0.tgz#f8d3f7d0ec4c3dea35a7e3c8efa4cb8b45c9e7ee"
  integrity sha512-ARDJmphmdvUk6Glw7y9DQ2bFkKBHwQHLi2lsaH6PPmz/Ka9sFOBsBluozhDltWmnv9u/cF6Rt87znRTPV+yp/A==

use-callback-ref@^1.3.3:
  version "1.3.3"
  resolved "https://registry.yarnpkg.com/use-callback-ref/-/use-callback-ref-1.3.3.tgz#98d9fab067075841c5b2c6852090d5d0feabe2bf"
  integrity sha512-jQL3lRnocaFtu3V00JToYz/4QkNWswxijDaCVNZRiRTO3HQDLsdu1ZtmIUvV4yPp+rvWm5j0y0TG/S61cuijTg==
  dependencies:
    tslib "^2.0.0"

use-sidecar@^1.1.3:
  version "1.1.3"
  resolved "https://registry.yarnpkg.com/use-sidecar/-/use-sidecar-1.1.3.tgz#10e7fd897d130b896e2c546c63a5e8233d00efdb"
  integrity sha512-Fedw0aZvkhynoPYlA5WXrMCAMm+nSWdZt6lzJQ7Ok8S6Q+VsHmHpRWndVRJ8Be0ZbkfPc5LRYH+5XrzXcEeLRQ==
  dependencies:
    detect-node-es "^1.1.0"
    tslib "^2.0.0"

vscode-languageserver-types@^3.17.1:
  version "3.17.3"
  resolved "https://registry.yarnpkg.com/vscode-languageserver-types/-/vscode-languageserver-types-3.17.3.tgz#72d05e47b73be93acb84d6e311b5786390f13f64"

whatwg-fetch@>=0.10.0:
  version "2.0.3"
  resolved "https://registry.yarnpkg.com/whatwg-fetch/-/whatwg-fetch-2.0.3.tgz#9c84ec2dcf68187ff00bc64e1274b442176e1c84"
